
Microsoft Visual Studio Solution File, Format Version 12.00
# Visual Studio Version 17
VisualStudioVersion = 17.6.33723.286
MinimumVisualStudioVersion = 10.0.40219.1
Project("{FAE04EC0-301F-11D3-BF4B-00C04F79EFBC}") = "TP-GRUPO3", "TP-GRUPO3\TP-GRUPO3.csproj", "{DACF2E67-1BE8-432B-A0DC-4BBD50AF461B}"
EndProject
Global
	GlobalSection(SolutionConfigurationPlatforms) = preSolution
		Debug|Any CPU = Debug|Any CPU
		Release|Any CPU = Release|Any CPU
	EndGlobalSection
	GlobalSection(ProjectConfigurationPlatforms) = postSolution
		{DACF2E67-1BE8-432B-A0DC-4BBD50AF461B}.Debug|Any CPU.ActiveCfg = Debug|Any CPU
		{DACF2E67-1BE8-432B-A0DC-4BBD50AF461B}.Debug|Any CPU.Build.0 = Debug|Any CPU
		{DACF2E67-1BE8-432B-A0DC-4BBD50AF461B}.Release|Any CPU.ActiveCfg = Release|Any CPU
		{DACF2E67-1BE8-432B-A0DC-4BBD50AF461B}.Release|Any CPU.Build.0 = Release|Any CPU
	EndGlobalSection
	GlobalSection(SolutionProperties) = preSolution
		HideSolutionNode = FALSE
	EndGlobalSection
	GlobalSection(ExtensibilityGlobals) = postSolution
		SolutionGuid = {1D15D849-E1F4-4EB2-B0CB-10D8268B7DC8}
	EndGlobalSection
EndGlobal
